// !$*UTF8*$!
{
	archiveVersion = 1;
	classes = {
	};
	objectVersion = 56;
	objects = {

/* Begin PBXBuildFile section */
		C03CFE5C892A2E00C46B8860 /* Pods_EchoTest.framework in Frameworks */ = {isa = PBXBuildFile; fileRef = E859034411C77A596C6E5556 /* Pods_EchoTest.framework */; };
		ED915BB02BAAE7EC00CEDC8B /* AppDelegate.swift in Sources */ = {isa = PBXBuildFile; fileRef = ED915BAF2BAAE7EC00CEDC8B /* AppDelegate.swift */; };
		ED915BB22BAAE7EC00CEDC8B /* SceneDelegate.swift in Sources */ = {isa = PBXBuildFile; fileRef = ED915BB12BAAE7EC00CEDC8B /* SceneDelegate.swift */; };
		ED915BB42BAAE7EC00CEDC8B /* ViewController.swift in Sources */ = {isa = PBXBuildFile; fileRef = ED915BB32BAAE7EC00CEDC8B /* ViewController.swift */; };
		ED915BB72BAAE7EC00CEDC8B /* Main.storyboard in Resources */ = {isa = PBXBuildFile; fileRef = ED915BB52BAAE7EC00CEDC8B /* Main.storyboard */; };
		ED915BB92BAAE7EF00CEDC8B /* Assets.xcassets in Resources */ = {isa = PBXBuildFile; fileRef = ED915BB82BAAE7EF00CEDC8B /* Assets.xcassets */; };
		ED915BBC2BAAE7EF00CEDC8B /* LaunchScreen.storyboard in Resources */ = {isa = PBXBuildFile; fileRef = ED915BBA2BAAE7EF00CEDC8B /* LaunchScreen.storyboard */; };
		EDA223BA2BAC2B22006015FC /* ImageUploadService.swift in Sources */ = {isa = PBXBuildFile; fileRef = EDA223B92BAC2B22006015FC /* ImageUploadService.swift */; };
		EDA223BC2BAC4427006015FC /* .gitignore in Resources */ = {isa = PBXBuildFile; fileRef = EDA223BB2BAC4427006015FC /* .gitignore */; };
/* End PBXBuildFile section */

/* Begin PBXFileReference section */
		33F185EAACC1F03FDB95505E /* Pods-EchoTest.release.xcconfig */ = {isa = PBXFileReference; includeInIndex = 1; lastKnownFileType = text.xcconfig; name = "Pods-EchoTest.release.xcconfig"; path = "Target Support Files/Pods-EchoTest/Pods-EchoTest.release.xcconfig"; sourceTree = "<group>"; };
		B6E58BAF3FD01306DA33C74F /* Pods-EchoTest.debug.xcconfig */ = {isa = PBXFileReference; includeInIndex = 1; lastKnownFileType = text.xcconfig; name = "Pods-EchoTest.debug.xcconfig"; path = "Target Support Files/Pods-EchoTest/Pods-EchoTest.debug.xcconfig"; sourceTree = "<group>"; };
		E859034411C77A596C6E5556 /* Pods_EchoTest.framework */ = {isa = PBXFileReference; explicitFileType = wrapper.framework; includeInIndex = 0; path = Pods_EchoTest.framework; sourceTree = BUILT_PRODUCTS_DIR; };
		ED915BAC2BAAE7EC00CEDC8B /* EchoTest.app */ = {isa = PBXFileReference; explicitFileType = wrapper.application; includeInIndex = 0; path = EchoTest.app; sourceTree = BUILT_PRODUCTS_DIR; };
		ED915BAF2BAAE7EC00CEDC8B /* AppDelegate.swift */ = {isa = PBXFileReference; lastKnownFileType = sourcecode.swift; path = AppDelegate.swift; sourceTree = "<group>"; };
		ED915BB12BAAE7EC00CEDC8B /* SceneDelegate.swift */ = {isa = PBXFileReference; lastKnownFileType = sourcecode.swift; path = SceneDelegate.swift; sourceTree = "<group>"; };
		ED915BB32BAAE7EC00CEDC8B /* ViewController.swift */ = {isa = PBXFileReference; lastKnownFileType = sourcecode.swift; path = ViewController.swift; sourceTree = "<group>"; };
		ED915BB62BAAE7EC00CEDC8B /* Base */ = {isa = PBXFileReference; lastKnownFileType = file.storyboard; name = Base; path = Base.lproj/Main.storyboard; sourceTree = "<group>"; };
		ED915BB82BAAE7EF00CEDC8B /* Assets.xcassets */ = {isa = PBXFileReference; lastKnownFileType = folder.assetcatalog; path = Assets.xcassets; sourceTree = "<group>"; };
		ED915BBB2BAAE7EF00CEDC8B /* Base */ = {isa = PBXFileReference; lastKnownFileType = file.storyboard; name = Base; path = Base.lproj/LaunchScreen.storyboard; sourceTree = "<group>"; };
		ED915BBD2BAAE7EF00CEDC8B /* Info.plist */ = {isa = PBXFileReference; lastKnownFileType = text.plist.xml; path = Info.plist; sourceTree = "<group>"; };
		EDA223B92BAC2B22006015FC /* ImageUploadService.swift */ = {isa = PBXFileReference; lastKnownFileType = sourcecode.swift; path = ImageUploadService.swift; sourceTree = "<group>"; };
		EDA223BB2BAC4427006015FC /* .gitignore */ = {isa = PBXFileReference; lastKnownFileType = text; path = .gitignore; sourceTree = "<group>"; };
/* End PBXFileReference section */

/* Begin PBXFrameworksBuildPhase section */
		ED915BA92BAAE7EB00CEDC8B /* Frameworks */ = {
			isa = PBXFrameworksBuildPhase;
			buildActionMask = 2147483647;
			files = (
				C03CFE5C892A2E00C46B8860 /* Pods_EchoTest.framework in Frameworks */,
			);
			runOnlyForDeploymentPostprocessing = 0;
		};
/* End PBXFrameworksBuildPhase section */

/* Begin PBXGroup section */
		8AF82C788DBCE455131828C5 /* Pods */ = {
			isa = PBXGroup;
			children = (
				B6E58BAF3FD01306DA33C74F /* Pods-EchoTest.debug.xcconfig */,
				33F185EAACC1F03FDB95505E /* Pods-EchoTest.release.xcconfig */,
			);
			path = Pods;
			sourceTree = "<group>";
		};
		E095A5A0CE39ECC84B6B36F2 /* Frameworks */ = {
			isa = PBXGroup;
			children = (
				E859034411C77A596C6E5556 /* Pods_EchoTest.framework */,
			);
			name = Frameworks;
			sourceTree = "<group>";
		};
		ED915BA32BAAE7EB00CEDC8B = {
			isa = PBXGroup;
			children = (
				EDA223BB2BAC4427006015FC /* .gitignore */,
				ED915BAE2BAAE7EC00CEDC8B /* EchoTest */,
				ED915BAD2BAAE7EC00CEDC8B /* Products */,
				8AF82C788DBCE455131828C5 /* Pods */,
				E095A5A0CE39ECC84B6B36F2 /* Frameworks */,
			);
			sourceTree = "<group>";
		};
		ED915BAD2BAAE7EC00CEDC8B /* Products */ = {
			isa = PBXGroup;
			children = (
				ED915BAC2BAAE7EC00CEDC8B /* EchoTest.app */,
			);
			name = Products;
			sourceTree = "<group>";
		};
		ED915BAE2BAAE7EC00CEDC8B /* EchoTest */ = {
			isa = PBXGroup;
			children = (
				ED915BAF2BAAE7EC00CEDC8B /* AppDelegate.swift */,
				ED915BB12BAAE7EC00CEDC8B /* SceneDelegate.swift */,
				ED915BB32BAAE7EC00CEDC8B /* ViewController.swift */,
				ED915BB52BAAE7EC00CEDC8B /* Main.storyboard */,
				ED915BB82BAAE7EF00CEDC8B /* Assets.xcassets */,
				ED915BBA2BAAE7EF00CEDC8B /* LaunchScreen.storyboard */,
				ED915BBD2BAAE7EF00CEDC8B /* Info.plist */,
				EDA223B92BAC2B22006015FC /* ImageUploadService.swift */,
			);
			path = EchoTest;
			sourceTree = "<group>";
		};
/* End PBXGroup section */

/* Begin PBXNativeTarget section */
		ED915BAB2BAAE7EB00CEDC8B /* EchoTest */ = {
			isa = PBXNativeTarget;
			buildConfigurationList = ED915BC02BAAE7EF00CEDC8B /* Build configuration list for PBXNativeTarget "EchoTest" */;
			buildPhases = (
				BB7ED83C9FF380330007E0B9 /* [CP] Check Pods Manifest.lock */,
				ED915BA82BAAE7EB00CEDC8B /* Sources */,
				ED915BA92BAAE7EB00CEDC8B /* Frameworks */,
				ED915BAA2BAAE7EB00CEDC8B /* Resources */,
				4339663B930FBC055BA611C7 /* [CP] Embed Pods Frameworks */,
			);
			buildRules = (
			);
			dependencies = (
			);
			name = EchoTest;
			productName = EchoTest;
			productReference = ED915BAC2BAAE7EC00CEDC8B /* EchoTest.app */;
			productType = "com.apple.product-type.application";
		};
/* End PBXNativeTarget section */

/* Begin PBXProject section */
		ED915BA42BAAE7EB00CEDC8B /* Project object */ = {
			isa = PBXProject;
			attributes = {
				BuildIndependentTargetsInParallel = 1;
				LastSwiftUpdateCheck = 1430;
				LastUpgradeCheck = 1430;
				TargetAttributes = {
					ED915BAB2BAAE7EB00CEDC8B = {
						CreatedOnToolsVersion = 14.3.1;
					};
				};
			};
			buildConfigurationList = ED915BA72BAAE7EB00CEDC8B /* Build configuration list for PBXProject "EchoTest" */;
			compatibilityVersion = "Xcode 14.0";
			developmentRegion = en;
			hasScannedForEncodings = 0;
			knownRegions = (
				en,
				Base,
			);
			mainGroup = ED915BA32BAAE7EB00CEDC8B;
			productRefGroup = ED915BAD2BAAE7EC00CEDC8B /* Products */;
			projectDirPath = "";
			projectRoot = "";
			targets = (
				ED915BAB2BAAE7EB00CEDC8B /* EchoTest */,
			);
		};
/* End PBXProject section */

/* Begin PBXResourcesBuildPhase section */
		ED915BAA2BAAE7EB00CEDC8B /* Resources */ = {
			isa = PBXResourcesBuildPhase;
			buildActionMask = 2147483647;
			files = (
				EDA223BC2BAC4427006015FC /* .gitignore in Resources */,
				ED915BBC2BAAE7EF00CEDC8B /* LaunchScreen.storyboard in Resources */,
				ED915BB92BAAE7EF00CEDC8B /* Assets.xcassets in Resources */,
				ED915BB72BAAE7EC00CEDC8B /* Main.storyboard in Resources */,
			);
			runOnlyForDeploymentPostprocessing = 0;
		};
/* End PBXResourcesBuildPhase section */

/* Begin PBXShellScriptBuildPhase section */
		4339663B930FBC055BA611C7 /* [CP] Embed Pods Frameworks */ = {
			isa = PBXShellScriptBuildPhase;
			buildActionMask = 2147483647;
			files = (
			);
			inputFileListPaths = (
				"${PODS_ROOT}/Target Support Files/Pods-EchoTest/Pods-EchoTest-frameworks-${CONFIGURATION}-input-files.xcfilelist",
			);
			name = "[CP] Embed Pods Frameworks";
			outputFileListPaths = (
				"${PODS_ROOT}/Target Support Files/Pods-EchoTest/Pods-EchoTest-frameworks-${CONFIGURATION}-output-files.xcfilelist",
			);
			runOnlyForDeploymentPostprocessing = 0;
			shellPath = /bin/sh;
			shellScript = "\"${PODS_ROOT}/Target Support Files/Pods-EchoTest/Pods-EchoTest-frameworks.sh\"\n";
			showEnvVarsInLog = 0;
		};
		BB7ED83C9FF380330007E0B9 /* [CP] Check Pods Manifest.lock */ = {
			isa = PBXShellScriptBuildPhase;
			buildActionMask = 2147483647;
			files = (
			);
			inputFileListPaths = (
			);
			inputPaths = (
				"${PODS_PODFILE_DIR_PATH}/Podfile.lock",
				"${PODS_ROOT}/Manifest.lock",
			);
			name = "[CP] Check Pods Manifest.lock";
			outputFileListPaths = (
			);
			outputPaths = (
				"$(DERIVED_FILE_DIR)/Pods-EchoTest-checkManifestLockResult.txt",
			);
			runOnlyForDeploymentPostprocessing = 0;
			shellPath = /bin/sh;
			shellScript = "diff \"${PODS_PODFILE_DIR_PATH}/Podfile.lock\" \"${PODS_ROOT}/Manifest.lock\" > /dev/null\nif [ $? != 0 ] ; then\n    # print error to STDERR\n    echo \"error: The sandbox is not in sync with the Podfile.lock. Run 'pod install' or update your CocoaPods installation.\" >&2\n    exit 1\nfi\n# This output is used by Xcode 'outputs' to avoid re-running this script phase.\necho \"SUCCESS\" > \"${SCRIPT_OUTPUT_FILE_0}\"\n";
			showEnvVarsInLog = 0;
		};
/* End PBXShellScriptBuildPhase section */

/* Begin PBXSourcesBuildPhase section */
		ED915BA82BAAE7EB00CEDC8B /* Sources */ = {
			isa = PBXSourcesBuildPhase;
			buildActionMask = 2147483647;
			files = (
				EDA223BA2BAC2B22006015FC /* ImageUploadService.swift in Sources */,
				ED915BB42BAAE7EC00CEDC8B /* ViewController.swift in Sources */,
				ED915BB02BAAE7EC00CEDC8B /* AppDelegate.swift in Sources */,
				ED915BB22BAAE7EC00CEDC8B /* SceneDelegate.swift in Sources */,
			);
			runOnlyForDeploymentPostprocessing = 0;
		};
/* End PBXSourcesBuildPhase section */

/* Begin PBXVariantGroup section */
		ED915BB52BAAE7EC00CEDC8B /* Main.storyboard */ = {
			isa = PBXVariantGroup;
			children = (
				ED915BB62BAAE7EC00CEDC8B /* Base */,
			);
			name = Main.storyboard;
			sourceTree = "<group>";
		};
		ED915BBA2BAAE7EF00CEDC8B /* LaunchScreen.storyboard */ = {
			isa = PBXVariantGroup;
			children = (
				ED915BBB2BAAE7EF00CEDC8B /* Base */,
			);
			name = LaunchScreen.storyboard;
			sourceTree = "<group>";
		};
/* End PBXVariantGroup section */

/* Begin XCBuildConfiguration section */
		ED915BBE2BAAE7EF00CEDC8B /* Debug */ = {
			isa = XCBuildConfiguration;
			buildSettings = {
				ALWAYS_SEARCH_USER_PATHS = NO;
				CLANG_ANALYZER_NONNULL = YES;
				CLANG_ANALYZER_NUMBER_OBJECT_CONVERSION = YES_AGGRESSIVE;
				CLANG_CXX_LANGUAGE_STANDARD = "gnu++20";
				CLANG_ENABLE_MODULES = YES;
				CLANG_ENABLE_OBJC_ARC = YES;
				CLANG_ENABLE_OBJC_WEAK = YES;
				CLANG_WARN_BLOCK_CAPTURE_AUTORELEASING = YES;
				CLANG_WARN_BOOL_CONVERSION = YES;
				CLANG_WARN_COMMA = YES;
				CLANG_WARN_CONSTANT_CONVERSION = YES;
				CLANG_WARN_DEPRECATED_OBJC_IMPLEMENTATIONS = YES;
				CLANG_WARN_DIRECT_OBJC_ISA_USAGE = YES_ERROR;
				CLANG_WARN_DOCUMENTATION_COMMENTS = YES;
				CLANG_WARN_EMPTY_BODY = YES;
				CLANG_WARN_ENUM_CONVERSION = YES;
				CLANG_WARN_INFINITE_RECURSION = YES;
				CLANG_WARN_INT_CONVERSION = YES;
				CLANG_WARN_NON_LITERAL_NULL_CONVERSION = YES;
				CLANG_WARN_OBJC_IMPLICIT_RETAIN_SELF = YES;
				CLANG_WARN_OBJC_LITERAL_CONVERSION = YES;
				CLANG_WARN_OBJC_ROOT_CLASS = YES_ERROR;
				CLANG_WARN_QUOTED_INCLUDE_IN_FRAMEWORK_HEADER = YES;
				CLANG_WARN_RANGE_LOOP_ANALYSIS = YES;
				CLANG_WARN_STRICT_PROTOTYPES = YES;
				CLANG_WARN_SUSPICIOUS_MOVE = YES;
				CLANG_WARN_UNGUARDED_AVAILABILITY = YES_AGGRESSIVE;
				CLANG_WARN_UNREACHABLE_CODE = YES;
				CLANG_WARN__DUPLICATE_METHOD_MATCH = YES;
				COPY_PHASE_STRIP = NO;
				DEBUG_INFORMATION_FORMAT = dwarf;
				ENABLE_STRICT_OBJC_MSGSEND = YES;
				ENABLE_TESTABILITY = YES;
				GCC_C_LANGUAGE_STANDARD = gnu11;
				GCC_DYNAMIC_NO_PIC = NO;
				GCC_NO_COMMON_BLOCKS = YES;
				GCC_OPTIMIZATION_LEVEL = 0;
				GCC_PREPROCESSOR_DEFINITIONS = (
					"DEBUG=1",
					"$(inherited)",
				);
				GCC_WARN_64_TO_32_BIT_CONVERSION = YES;
				GCC_WARN_ABOUT_RETURN_TYPE = YES_ERROR;
				GCC_WARN_UNDECLARED_SELECTOR = YES;
				GCC_WARN_UNINITIALIZED_AUTOS = YES_AGGRESSIVE;
				GCC_WARN_UNUSED_FUNCTION = YES;
				GCC_WARN_UNUSED_VARIABLE = YES;
				IPHONEOS_DEPLOYMENT_TARGET = 16.4;
				MTL_ENABLE_DEBUG_INFO = INCLUDE_SOURCE;
				MTL_FAST_MATH = YES;
				ONLY_ACTIVE_ARCH = YES;
				SDKROOT = iphoneos;
				SWIFT_ACTIVE_COMPILATION_CONDITIONS = DEBUG;
				SWIFT_OPTIMIZATION_LEVEL = "-Onone";
			};
			name = Debug;
		};
		ED915BBF2BAAE7EF00CEDC8B /* Release */ = {
			isa = XCBuildConfiguration;
			buildSettings = {
				ALWAYS_SEARCH_USER_PATHS = NO;
				CLANG_ANALYZER_NONNULL = YES;
				CLANG_ANALYZER_NUMBER_OBJECT_CONVERSION = YES_AGGRESSIVE;
				CLANG_CXX_LANGUAGE_STANDARD = "gnu++20";
				CLANG_ENABLE_MODULES = YES;
				CLANG_ENABLE_OBJC_ARC = YES;
				CLANG_ENABLE_OBJC_WEAK = YES;
				CLANG_WARN_BLOCK_CAPTURE_AUTORELEASING = YES;
				CLANG_WARN_BOOL_CONVERSION = YES;
				CLANG_WARN_COMMA = YES;
				CLANG_WARN_CONSTANT_CONVERSION = YES;
				CLANG_WARN_DEPRECATED_OBJC_IMPLEMENTATIONS = YES;
				CLANG_WARN_DIRECT_OBJC_ISA_USAGE = YES_ERROR;
				CLANG_WARN_DOCUMENTATION_COMMENTS = YES;
				CLANG_WARN_EMPTY_BODY = YES;
				CLANG_WARN_ENUM_CONVERSION = YES;
				CLANG_WARN_INFINITE_RECURSION = YES;
				CLANG_WARN_INT_CONVERSION = YES;
				CLANG_WARN_NON_LITERAL_NULL_CONVERSION = YES;
				CLANG_WARN_OBJC_IMPLICIT_RETAIN_SELF = YES;
				CLANG_WARN_OBJC_LITERAL_CONVERSION = YES;
				CLANG_WARN_OBJC_ROOT_CLASS = YES_ERROR;
				CLANG_WARN_QUOTED_INCLUDE_IN_FRAMEWORK_HEADER = YES;
				CLANG_WARN_RANGE_LOOP_ANALYSIS = YES;
				CLANG_WARN_STRICT_PROTOTYPES = YES;
				CLANG_WARN_SUSPICIOUS_MOVE = YES;
				CLANG_WARN_UNGUARDED_AVAILABILITY = YES_AGGRESSIVE;
				CLANG_WARN_UNREACHABLE_CODE = YES;
				CLANG_WARN__DUPLICATE_METHOD_MATCH = YES;
				COPY_PHASE_STRIP = NO;
				DEBUG_INFORMATION_FORMAT = "dwarf-with-dsym";
				ENABLE_NS_ASSERTIONS = NO;
				ENABLE_STRICT_OBJC_MSGSEND = YES;
				GCC_C_LANGUAGE_STANDARD = gnu11;
				GCC_NO_COMMON_BLOCKS = YES;
				GCC_WARN_64_TO_32_BIT_CONVERSION = YES;
				GCC_WARN_ABOUT_RETURN_TYPE = YES_ERROR;
				GCC_WARN_UNDECLARED_SELECTOR = YES;
				GCC_WARN_UNINITIALIZED_AUTOS = YES_AGGRESSIVE;
				GCC_WARN_UNUSED_FUNCTION = YES;
				GCC_WARN_UNUSED_VARIABLE = YES;
				IPHONEOS_DEPLOYMENT_TARGET = 16.4;
				MTL_ENABLE_DEBUG_INFO = NO;
				MTL_FAST_MATH = YES;
				SDKROOT = iphoneos;
				SWIFT_COMPILATION_MODE = wholemodule;
				SWIFT_OPTIMIZATION_LEVEL = "-O";
				VALIDATE_PRODUCT = YES;
			};
			name = Release;
		};
		ED915BC12BAAE7EF00CEDC8B /* Debug */ = {
			isa = XCBuildConfiguration;
			baseConfigurationReference = B6E58BAF3FD01306DA33C74F /* Pods-EchoTest.debug.xcconfig */;
			buildSettings = {
				ASSETCATALOG_COMPILER_APPICON_NAME = AppIcon;
				ASSETCATALOG_COMPILER_GLOBAL_ACCENT_COLOR_NAME = AccentColor;
				CODE_SIGN_STYLE = Automatic;
				CURRENT_PROJECT_VERSION = 1;
				DEVELOPMENT_TEAM = DM8SQLY2K5;
				GENERATE_INFOPLIST_FILE = YES;
				INFOPLIST_FILE = EchoTest/Info.plist;
				INFOPLIST_KEY_NSCameraUsageDescription = "Требуется доступ к камере для использования функций приложения.";
				INFOPLIST_KEY_NSPhotoLibraryAddUsageDescription = "Требуется доступ к фотобиблиотеке для добавления фотографий.";
				INFOPLIST_KEY_UIApplicationSupportsIndirectInputEvents = YES;
				INFOPLIST_KEY_UILaunchStoryboardName = LaunchScreen;
				INFOPLIST_KEY_UIMainStoryboardFile = Main;
				INFOPLIST_KEY_UISupportedInterfaceOrientations = UIInterfaceOrientationPortrait;
				INFOPLIST_KEY_UISupportedInterfaceOrientations_iPad = "UIInterfaceOrientationPortrait UIInterfaceOrientationPortraitUpsideDown";
				IPHONEOS_DEPLOYMENT_TARGET = 13.0;
				LD_RUNPATH_SEARCH_PATHS = (
					"$(inherited)",
					"@executable_path/Frameworks",
				);
				MARKETING_VERSION = 1.0;
				PRODUCT_BUNDLE_IDENTIFIER = com.ogputs.EchoTest;
				PRODUCT_NAME = "$(TARGET_NAME)";
				SWIFT_EMIT_LOC_STRINGS = YES;
				SWIFT_VERSION = 5.0;
				TARGETED_DEVICE_FAMILY = "1,2";
			};
			name = Debug;
		};
		ED915BC22BAAE7EF00CEDC8B /* Release */ = {
			isa = XCBuildConfiguration;
			baseConfigurationReference = 33F185EAACC1F03FDB95505E /* Pods-EchoTest.release.xcconfig */;
			buildSettings = {
				ASSETCATALOG_COMPILER_APPICON_NAME = AppIcon;
				ASSETCATALOG_COMPILER_GLOBAL_ACCENT_COLOR_NAME = AccentColor;
				CODE_SIGN_STYLE = Automatic;
				CURRENT_PROJECT_VERSION = 1;
				DEVELOPMENT_TEAM = DM8SQLY2K5;
				GENERATE_INFOPLIST_FILE = YES;
				INFOPLIST_FILE = EchoTest/Info.plist;
				INFOPLIST_KEY_NSCameraUsageDescription = "Требуется доступ к камере для использования функций приложения.";
				INFOPLIST_KEY_NSPhotoLibraryAddUsageDescription = "Требуется доступ к фотобиблиотеке для добавления фотографий.";
				INFOPLIST_KEY_UIApplicationSupportsIndirectInputEvents = YES;
				INFOPLIST_KEY_UILaunchStoryboardName = LaunchScreen;
				INFOPLIST_KEY_UIMainStoryboardFile = Main;
				INFOPLIST_KEY_UISupportedInterfaceOrientations = UIInterfaceOrientationPortrait;
				INFOPLIST_KEY_UISupportedInterfaceOrientations_iPad = "UIInterfaceOrientationPortrait UIInterfaceOrientationPortraitUpsideDown";
				IPHONEOS_DEPLOYMENT_TARGET = 13.0;
				LD_RUNPATH_SEARCH_PATHS = (
					"$(inherited)",
					"@executable_path/Frameworks",
				);
				MARKETING_VERSION = 1.0;
				PRODUCT_BUNDLE_IDENTIFIER = com.ogputs.EchoTest;
				PRODUCT_NAME = "$(TARGET_NAME)";
				SWIFT_EMIT_LOC_STRINGS = YES;
				SWIFT_VERSION = 5.0;
				TARGETED_DEVICE_FAMILY = "1,2";
			};
			name = Release;
		};
/* End XCBuildConfiguration section */

/* Begin XCConfigurationList section */
		ED915BA72BAAE7EB00CEDC8B /* Build configuration list for PBXProject "EchoTest" */ = {
			isa = XCConfigurationList;
			buildConfigurations = (
				ED915BBE2BAAE7EF00CEDC8B /* Debug */,
				ED915BBF2BAAE7EF00CEDC8B /* Release */,
			);
			defaultConfigurationIsVisible = 0;
			defaultConfigurationName = Release;
		};
		ED915BC02BAAE7EF00CEDC8B /* Build configuration list for PBXNativeTarget "EchoTest" */ = {
			isa = XCConfigurationList;
			buildConfigurations = (
				ED915BC12BAAE7EF00CEDC8B /* Debug */,
				ED915BC22BAAE7EF00CEDC8B /* Release */,
			);
			defaultConfigurationIsVisible = 0;
			defaultConfigurationName = Release;
		};
/* End XCConfigurationList section */
	};
	rootObject = ED915BA42BAAE7EB00CEDC8B /* Project object */;
}
